
Microsoft Visual Studio Solution File, Format Version 12.00
# Visual Studio Version 17
VisualStudioVersion = 17.7.34003.232
MinimumVisualStudioVersion = 10.0.40219.1
Project("{FAE04EC0-301F-11D3-BF4B-00C04F79EFBC}") = "GitTest1", "GitTest1\GitTest1.csproj", "{288CDB2D-74B5-4DA7-9ABA-E0B962AD8F63}"
EndProject
Global
	GlobalSection(SolutionConfigurationPlatforms) = preSolution
		Debug|Any CPU = Debug|Any CPU
		Release|Any CPU = Release|Any CPU
	EndGlobalSection
	GlobalSection(ProjectConfigurationPlatforms) = postSolution
		{288CDB2D-74B5-4DA7-9ABA-E0B962AD8F63}.Debug|Any CPU.ActiveCfg = Debug|Any CPU
		{288CDB2D-74B5-4DA7-9ABA-E0B962AD8F63}.Debug|Any CPU.Build.0 = Debug|Any CPU
		{288CDB2D-74B5-4DA7-9ABA-E0B962AD8F63}.Release|Any CPU.ActiveCfg = Release|Any CPU
		{288CDB2D-74B5-4DA7-9ABA-E0B962AD8F63}.Release|Any CPU.Build.0 = Release|Any CPU
	EndGlobalSection
	GlobalSection(SolutionProperties) = preSolution
		HideSolutionNode = FALSE
	EndGlobalSection
	GlobalSection(ExtensibilityGlobals) = postSolution
		SolutionGuid = {C868C9AB-773E-49F4-AACD-851D2980C041}
	EndGlobalSection
EndGlobal
